// !$*UTF8*$!
{
	archiveVersion = 1;
	classes = {
	};
	objectVersion = 50;
	objects = {

/* Begin PBXBuildFile section */
		6374FBBE21BF0ADB00E4C553 /* AppDelegate.swift in Sources */ = {isa = PBXBuildFile; fileRef = 6374FBBD21BF0ADB00E4C553 /* AppDelegate.swift */; };
		6374FBC321BF0ADB00E4C553 /* Main.storyboard in Resources */ = {isa = PBXBuildFile; fileRef = 6374FBC121BF0ADB00E4C553 /* Main.storyboard */; };
		6374FBC521BF0ADC00E4C553 /* Assets.xcassets in Resources */ = {isa = PBXBuildFile; fileRef = 6374FBC421BF0ADC00E4C553 /* Assets.xcassets */; };
		6374FBC821BF0ADC00E4C553 /* LaunchScreen.storyboard in Resources */ = {isa = PBXBuildFile; fileRef = 6374FBC621BF0ADC00E4C553 /* LaunchScreen.storyboard */; };
		6374FBD021C049C400E4C553 /* ExpenseTableViewController.swift in Sources */ = {isa = PBXBuildFile; fileRef = 6374FBCF21C049C400E4C553 /* ExpenseTableViewController.swift */; };
		6374FBD221C049F600E4C553 /* Expense.swift in Sources */ = {isa = PBXBuildFile; fileRef = 6374FBD121C049F600E4C553 /* Expense.swift */; };
		6374FBD421C04A3800E4C553 /* AddExpenseViewController.swift in Sources */ = {isa = PBXBuildFile; fileRef = 6374FBD321C04A3800E4C553 /* AddExpenseViewController.swift */; };
		6374FBD621C04A6100E4C553 /* EditExpenseViewController.swift in Sources */ = {isa = PBXBuildFile; fileRef = 6374FBD521C04A6100E4C553 /* EditExpenseViewController.swift */; };
		63AFF42221C7813D00F1AEA1 /* ExpenseCategories.swift in Sources */ = {isa = PBXBuildFile; fileRef = 63AFF42121C7813D00F1AEA1 /* ExpenseCategories.swift */; };
		63AFF42A21D1808800F1AEA1 /* ShowBalanceViewController.swift in Sources */ = {isa = PBXBuildFile; fileRef = 63AFF42921D1808800F1AEA1 /* ShowBalanceViewController.swift */; };
		63AFF42C21D53ADD00F1AEA1 /* ExpenseAnalysisViewController.swift in Sources */ = {isa = PBXBuildFile; fileRef = 63AFF42B21D53ADD00F1AEA1 /* ExpenseAnalysisViewController.swift */; };
		63D149A521C5244F009BAAC1 /* ExpenseViewCell.swift in Sources */ = {isa = PBXBuildFile; fileRef = 63D149A421C5244F009BAAC1 /* ExpenseViewCell.swift */; };
		D4B2853BCAE62554399B65FA /* Pods_Expense.framework in Frameworks */ = {isa = PBXBuildFile; fileRef = CFB753F03E0A7A5F5DE402F9 /* Pods_Expense.framework */; };
/* End PBXBuildFile section */

/* Begin PBXFileReference section */
		33256FC77D908E8E799D1913 /* Pods-Expense.debug.xcconfig */ = {isa = PBXFileReference; includeInIndex = 1; lastKnownFileType = text.xcconfig; name = "Pods-Expense.debug.xcconfig"; path = "Pods/Target Support Files/Pods-Expense/Pods-Expense.debug.xcconfig"; sourceTree = "<group>"; };
		6374FBBA21BF0ADB00E4C553 /* Expense.app */ = {isa = PBXFileReference; explicitFileType = wrapper.application; includeInIndex = 0; path = Expense.app; sourceTree = BUILT_PRODUCTS_DIR; };
		6374FBBD21BF0ADB00E4C553 /* AppDelegate.swift */ = {isa = PBXFileReference; lastKnownFileType = sourcecode.swift; path = AppDelegate.swift; sourceTree = "<group>"; };
		6374FBC221BF0ADB00E4C553 /* Base */ = {isa = PBXFileReference; lastKnownFileType = file.storyboard; name = Base; path = Base.lproj/Main.storyboard; sourceTree = "<group>"; };
		6374FBC421BF0ADC00E4C553 /* Assets.xcassets */ = {isa = PBXFileReference; lastKnownFileType = folder.assetcatalog; path = Assets.xcassets; sourceTree = "<group>"; };
		6374FBC721BF0ADC00E4C553 /* Base */ = {isa = PBXFileReference; lastKnownFileType = file.storyboard; name = Base; path = Base.lproj/LaunchScreen.storyboard; sourceTree = "<group>"; };
		6374FBC921BF0ADC00E4C553 /* Info.plist */ = {isa = PBXFileReference; lastKnownFileType = text.plist.xml; path = Info.plist; sourceTree = "<group>"; };
		6374FBCF21C049C400E4C553 /* ExpenseTableViewController.swift */ = {isa = PBXFileReference; lastKnownFileType = sourcecode.swift; path = ExpenseTableViewController.swift; sourceTree = "<group>"; };
		6374FBD121C049F600E4C553 /* Expense.swift */ = {isa = PBXFileReference; lastKnownFileType = sourcecode.swift; path = Expense.swift; sourceTree = "<group>"; };
		6374FBD321C04A3800E4C553 /* AddExpenseViewController.swift */ = {isa = PBXFileReference; lastKnownFileType = sourcecode.swift; path = AddExpenseViewController.swift; sourceTree = "<group>"; };
		6374FBD521C04A6100E4C553 /* EditExpenseViewController.swift */ = {isa = PBXFileReference; lastKnownFileType = sourcecode.swift; path = EditExpenseViewController.swift; sourceTree = "<group>"; };
		63AFF42121C7813D00F1AEA1 /* ExpenseCategories.swift */ = {isa = PBXFileReference; lastKnownFileType = sourcecode.swift; path = ExpenseCategories.swift; sourceTree = "<group>"; };
		63AFF42921D1808800F1AEA1 /* ShowBalanceViewController.swift */ = {isa = PBXFileReference; lastKnownFileType = sourcecode.swift; path = ShowBalanceViewController.swift; sourceTree = "<group>"; };
		63AFF42B21D53ADD00F1AEA1 /* ExpenseAnalysisViewController.swift */ = {isa = PBXFileReference; lastKnownFileType = sourcecode.swift; path = ExpenseAnalysisViewController.swift; sourceTree = "<group>"; };
		63D149A421C5244F009BAAC1 /* ExpenseViewCell.swift */ = {isa = PBXFileReference; lastKnownFileType = sourcecode.swift; path = ExpenseViewCell.swift; sourceTree = "<group>"; };
		CFB753F03E0A7A5F5DE402F9 /* Pods_Expense.framework */ = {isa = PBXFileReference; explicitFileType = wrapper.framework; includeInIndex = 0; path = Pods_Expense.framework; sourceTree = BUILT_PRODUCTS_DIR; };
		E71E5D23B94216B4E918EA26 /* Pods-Expense.release.xcconfig */ = {isa = PBXFileReference; includeInIndex = 1; lastKnownFileType = text.xcconfig; name = "Pods-Expense.release.xcconfig"; path = "Pods/Target Support Files/Pods-Expense/Pods-Expense.release.xcconfig"; sourceTree = "<group>"; };
/* End PBXFileReference section */

/* Begin PBXFrameworksBuildPhase section */
		6374FBB721BF0ADB00E4C553 /* Frameworks */ = {
			isa = PBXFrameworksBuildPhase;
			buildActionMask = 2147483647;
			files = (
				D4B2853BCAE62554399B65FA /* Pods_Expense.framework in Frameworks */,
			);
			runOnlyForDeploymentPostprocessing = 0;
		};
/* End PBXFrameworksBuildPhase section */

/* Begin PBXGroup section */
		4E3BC7C71993D038A642C096 /* Pods */ = {
			isa = PBXGroup;
			children = (
				33256FC77D908E8E799D1913 /* Pods-Expense.debug.xcconfig */,
				E71E5D23B94216B4E918EA26 /* Pods-Expense.release.xcconfig */,
			);
			name = Pods;
			sourceTree = "<group>";
		};
		6374FBB121BF0ADB00E4C553 = {
			isa = PBXGroup;
			children = (
				6374FBBC21BF0ADB00E4C553 /* Expense */,
				6374FBBB21BF0ADB00E4C553 /* Products */,
				4E3BC7C71993D038A642C096 /* Pods */,
				E27E6FD153FED8937C44E99E /* Frameworks */,
			);
			sourceTree = "<group>";
		};
		6374FBBB21BF0ADB00E4C553 /* Products */ = {
			isa = PBXGroup;
			children = (
				6374FBBA21BF0ADB00E4C553 /* Expense.app */,
			);
			name = Products;
			sourceTree = "<group>";
		};
		6374FBBC21BF0ADB00E4C553 /* Expense */ = {
			isa = PBXGroup;
			children = (
				6374FBBD21BF0ADB00E4C553 /* AppDelegate.swift */,
				6374FBCF21C049C400E4C553 /* ExpenseTableViewController.swift */,
				6374FBD321C04A3800E4C553 /* AddExpenseViewController.swift */,
				6374FBD521C04A6100E4C553 /* EditExpenseViewController.swift */,
				63AFF42921D1808800F1AEA1 /* ShowBalanceViewController.swift */,
				63AFF42B21D53ADD00F1AEA1 /* ExpenseAnalysisViewController.swift */,
				63D149A421C5244F009BAAC1 /* ExpenseViewCell.swift */,
				6374FBD121C049F600E4C553 /* Expense.swift */,
				63AFF42121C7813D00F1AEA1 /* ExpenseCategories.swift */,
				6374FBC121BF0ADB00E4C553 /* Main.storyboard */,
				6374FBC421BF0ADC00E4C553 /* Assets.xcassets */,
				6374FBC621BF0ADC00E4C553 /* LaunchScreen.storyboard */,
				6374FBC921BF0ADC00E4C553 /* Info.plist */,
			);
			path = Expense;
			sourceTree = "<group>";
		};
		E27E6FD153FED8937C44E99E /* Frameworks */ = {
			isa = PBXGroup;
			children = (
				CFB753F03E0A7A5F5DE402F9 /* Pods_Expense.framework */,
			);
			name = Frameworks;
			sourceTree = "<group>";
		};
/* End PBXGroup section */

/* Begin PBXNativeTarget section */
		6374FBB921BF0ADB00E4C553 /* Expense */ = {
			isa = PBXNativeTarget;
			buildConfigurationList = 6374FBCC21BF0ADC00E4C553 /* Build configuration list for PBXNativeTarget "Expense" */;
			buildPhases = (
				18ABC5FC3E36160B6E99857A /* [CP] Check Pods Manifest.lock */,
				6374FBB621BF0ADB00E4C553 /* Sources */,
				6374FBB721BF0ADB00E4C553 /* Frameworks */,
				6374FBB821BF0ADB00E4C553 /* Resources */,
				80ECA0A10D5879BB271DC63B /* [CP] Embed Pods Frameworks */,
			);
			buildRules = (
			);
			dependencies = (
			);
			name = Expense;
			productName = Expense;
			productReference = 6374FBBA21BF0ADB00E4C553 /* Expense.app */;
			productType = "com.apple.product-type.application";
		};
/* End PBXNativeTarget section */

/* Begin PBXProject section */
		6374FBB221BF0ADB00E4C553 /* Project object */ = {
			isa = PBXProject;
			attributes = {
				LastSwiftUpdateCheck = 1010;
				LastUpgradeCheck = 1010;
				ORGANIZATIONNAME = "Khushmeet Singh";
				TargetAttributes = {
					6374FBB921BF0ADB00E4C553 = {
						CreatedOnToolsVersion = 10.1;
					};
				};
			};
			buildConfigurationList = 6374FBB521BF0ADB00E4C553 /* Build configuration list for PBXProject "Expense" */;
			compatibilityVersion = "Xcode 9.3";
			developmentRegion = en;
			hasScannedForEncodings = 0;
			knownRegions = (
				en,
				Base,
			);
			mainGroup = 6374FBB121BF0ADB00E4C553;
			productRefGroup = 6374FBBB21BF0ADB00E4C553 /* Products */;
			projectDirPath = "";
			projectRoot = "";
			targets = (
				6374FBB921BF0ADB00E4C553 /* Expense */,
			);
		};
/* End PBXProject section */

/* Begin PBXResourcesBuildPhase section */
		6374FBB821BF0ADB00E4C553 /* Resources */ = {
			isa = PBXResourcesBuildPhase;
			buildActionMask = 2147483647;
			files = (
				6374FBC821BF0ADC00E4C553 /* LaunchScreen.storyboard in Resources */,
				6374FBC521BF0ADC00E4C553 /* Assets.xcassets in Resources */,
				6374FBC321BF0ADB00E4C553 /* Main.storyboard in Resources */,
			);
			runOnlyForDeploymentPostprocessing = 0;
		};
/* End PBXResourcesBuildPhase section */

/* Begin PBXShellScriptBuildPhase section */
		18ABC5FC3E36160B6E99857A /* [CP] Check Pods Manifest.lock */ = {
			isa = PBXShellScriptBuildPhase;
			buildActionMask = 2147483647;
			files = (
			);
			inputFileListPaths = (
			);
			inputPaths = (
				"${PODS_PODFILE_DIR_PATH}/Podfile.lock",
				"${PODS_ROOT}/Manifest.lock",
			);
			name = "[CP] Check Pods Manifest.lock";
			outputFileListPaths = (
			);
			outputPaths = (
				"$(DERIVED_FILE_DIR)/Pods-Expense-checkManifestLockResult.txt",
			);
			runOnlyForDeploymentPostprocessing = 0;
			shellPath = /bin/sh;
			shellScript = "diff \"${PODS_PODFILE_DIR_PATH}/Podfile.lock\" \"${PODS_ROOT}/Manifest.lock\" > /dev/null\nif [ $? != 0 ] ; then\n    # print error to STDERR\n    echo \"error: The sandbox is not in sync with the Podfile.lock. Run 'pod install' or update your CocoaPods installation.\" >&2\n    exit 1\nfi\n# This output is used by Xcode 'outputs' to avoid re-running this script phase.\necho \"SUCCESS\" > \"${SCRIPT_OUTPUT_FILE_0}\"\n";
			showEnvVarsInLog = 0;
		};
		80ECA0A10D5879BB271DC63B /* [CP] Embed Pods Frameworks */ = {
			isa = PBXShellScriptBuildPhase;
			buildActionMask = 2147483647;
			files = (
			);
			inputFileListPaths = (
			);
			inputPaths = (
				"${SRCROOT}/Pods/Target Support Files/Pods-Expense/Pods-Expense-frameworks.sh",
				"${BUILT_PRODUCTS_DIR}/Realm/Realm.framework",
				"${BUILT_PRODUCTS_DIR}/RealmSwift/RealmSwift.framework",
			);
			name = "[CP] Embed Pods Frameworks";
			outputFileListPaths = (
			);
			outputPaths = (
				"${TARGET_BUILD_DIR}/${FRAMEWORKS_FOLDER_PATH}/Realm.framework",
				"${TARGET_BUILD_DIR}/${FRAMEWORKS_FOLDER_PATH}/RealmSwift.framework",
			);
			runOnlyForDeploymentPostprocessing = 0;
			shellPath = /bin/sh;
			shellScript = "\"${SRCROOT}/Pods/Target Support Files/Pods-Expense/Pods-Expense-frameworks.sh\"\n";
			showEnvVarsInLog = 0;
		};
/* End PBXShellScriptBuildPhase section */

/* Begin PBXSourcesBuildPhase section */
		6374FBB621BF0ADB00E4C553 /* Sources */ = {
			isa = PBXSourcesBuildPhase;
			buildActionMask = 2147483647;
			files = (
				63AFF42A21D1808800F1AEA1 /* ShowBalanceViewController.swift in Sources */,
				6374FBD621C04A6100E4C553 /* EditExpenseViewController.swift in Sources */,
				63AFF42221C7813D00F1AEA1 /* ExpenseCategories.swift in Sources */,
				6374FBD221C049F600E4C553 /* Expense.swift in Sources */,
				6374FBD421C04A3800E4C553 /* AddExpenseViewController.swift in Sources */,
				63D149A521C5244F009BAAC1 /* ExpenseViewCell.swift in Sources */,
				63AFF42C21D53ADD00F1AEA1 /* ExpenseAnalysisViewController.swift in Sources */,
				6374FBD021C049C400E4C553 /* ExpenseTableViewController.swift in Sources */,
				6374FBBE21BF0ADB00E4C553 /* AppDelegate.swift in Sources */,
			);
			runOnlyForDeploymentPostprocessing = 0;
		};
/* End PBXSourcesBuildPhase section */

/* Begin PBXVariantGroup section */
		6374FBC121BF0ADB00E4C553 /* Main.storyboard */ = {
			isa = PBXVariantGroup;
			children = (
				6374FBC221BF0ADB00E4C553 /* Base */,
			);
			name = Main.storyboard;
			sourceTree = "<group>";
		};
		6374FBC621BF0ADC00E4C553 /* LaunchScreen.storyboard */ = {
			isa = PBXVariantGroup;
			children = (
				6374FBC721BF0ADC00E4C553 /* Base */,
			);
			name = LaunchScreen.storyboard;
			sourceTree = "<group>";
		};
/* End PBXVariantGroup section */

/* Begin XCBuildConfiguration section */
		6374FBCA21BF0ADC00E4C553 /* Debug */ = {
			isa = XCBuildConfiguration;
			buildSettings = {
				ALWAYS_SEARCH_USER_PATHS = NO;
				CLANG_ANALYZER_NONNULL = YES;
				CLANG_ANALYZER_NUMBER_OBJECT_CONVERSION = YES_AGGRESSIVE;
				CLANG_CXX_LANGUAGE_STANDARD = "gnu++14";
				CLANG_CXX_LIBRARY = "libc++";
				CLANG_ENABLE_MODULES = YES;
				CLANG_ENABLE_OBJC_ARC = YES;
				CLANG_ENABLE_OBJC_WEAK = YES;
				CLANG_WARN_BLOCK_CAPTURE_AUTORELEASING = YES;
				CLANG_WARN_BOOL_CONVERSION = YES;
				CLANG_WARN_COMMA = YES;
				CLANG_WARN_CONSTANT_CONVERSION = YES;
				CLANG_WARN_DEPRECATED_OBJC_IMPLEMENTATIONS = YES;
				CLANG_WARN_DIRECT_OBJC_ISA_USAGE = YES_ERROR;
				CLANG_WARN_DOCUMENTATION_COMMENTS = YES;
				CLANG_WARN_EMPTY_BODY = YES;
				CLANG_WARN_ENUM_CONVERSION = YES;
				CLANG_WARN_INFINITE_RECURSION = YES;
				CLANG_WARN_INT_CONVERSION = YES;
				CLANG_WARN_NON_LITERAL_NULL_CONVERSION = YES;
				CLANG_WARN_OBJC_IMPLICIT_RETAIN_SELF = YES;
				CLANG_WARN_OBJC_LITERAL_CONVERSION = YES;
				CLANG_WARN_OBJC_ROOT_CLASS = YES_ERROR;
				CLANG_WARN_RANGE_LOOP_ANALYSIS = YES;
				CLANG_WARN_STRICT_PROTOTYPES = YES;
				CLANG_WARN_SUSPICIOUS_MOVE = YES;
				CLANG_WARN_UNGUARDED_AVAILABILITY = YES_AGGRESSIVE;
				CLANG_WARN_UNREACHABLE_CODE = YES;
				CLANG_WARN__DUPLICATE_METHOD_MATCH = YES;
				CODE_SIGN_IDENTITY = "iPhone Developer";
				COPY_PHASE_STRIP = NO;
				DEBUG_INFORMATION_FORMAT = dwarf;
				ENABLE_STRICT_OBJC_MSGSEND = YES;
				ENABLE_TESTABILITY = YES;
				GCC_C_LANGUAGE_STANDARD = gnu11;
				GCC_DYNAMIC_NO_PIC = NO;
				GCC_NO_COMMON_BLOCKS = YES;
				GCC_OPTIMIZATION_LEVEL = 0;
				GCC_PREPROCESSOR_DEFINITIONS = (
					"DEBUG=1",
					"$(inherited)",
				);
				GCC_WARN_64_TO_32_BIT_CONVERSION = YES;
				GCC_WARN_ABOUT_RETURN_TYPE = YES_ERROR;
				GCC_WARN_UNDECLARED_SELECTOR = YES;
				GCC_WARN_UNINITIALIZED_AUTOS = YES_AGGRESSIVE;
				GCC_WARN_UNUSED_FUNCTION = YES;
				GCC_WARN_UNUSED_VARIABLE = YES;
				IPHONEOS_DEPLOYMENT_TARGET = 12.1;
				MTL_ENABLE_DEBUG_INFO = INCLUDE_SOURCE;
				MTL_FAST_MATH = YES;
				ONLY_ACTIVE_ARCH = YES;
				SDKROOT = iphoneos;
				SWIFT_ACTIVE_COMPILATION_CONDITIONS = DEBUG;
				SWIFT_OPTIMIZATION_LEVEL = "-Onone";
			};
			name = Debug;
		};
		6374FBCB21BF0ADC00E4C553 /* Release */ = {
			isa = XCBuildConfiguration;
			buildSettings = {
				ALWAYS_SEARCH_USER_PATHS = NO;
				CLANG_ANALYZER_NONNULL = YES;
				CLANG_ANALYZER_NUMBER_OBJECT_CONVERSION = YES_AGGRESSIVE;
				CLANG_CXX_LANGUAGE_STANDARD = "gnu++14";
				CLANG_CXX_LIBRARY = "libc++";
				CLANG_ENABLE_MODULES = YES;
				CLANG_ENABLE_OBJC_ARC = YES;
				CLANG_ENABLE_OBJC_WEAK = YES;
				CLANG_WARN_BLOCK_CAPTURE_AUTORELEASING = YES;
				CLANG_WARN_BOOL_CONVERSION = YES;
				CLANG_WARN_COMMA = YES;
				CLANG_WARN_CONSTANT_CONVERSION = YES;
				CLANG_WARN_DEPRECATED_OBJC_IMPLEMENTATIONS = YES;
				CLANG_WARN_DIRECT_OBJC_ISA_USAGE = YES_ERROR;
				CLANG_WARN_DOCUMENTATION_COMMENTS = YES;
				CLANG_WARN_EMPTY_BODY = YES;
				CLANG_WARN_ENUM_CONVERSION = YES;
				CLANG_WARN_INFINITE_RECURSION = YES;
				CLANG_WARN_INT_CONVERSION = YES;
				CLANG_WARN_NON_LITERAL_NULL_CONVERSION = YES;
				CLANG_WARN_OBJC_IMPLICIT_RETAIN_SELF = YES;
				CLANG_WARN_OBJC_LITERAL_CONVERSION = YES;
				CLANG_WARN_OBJC_ROOT_CLASS = YES_ERROR;
				CLANG_WARN_RANGE_LOOP_ANALYSIS = YES;
				CLANG_WARN_STRICT_PROTOTYPES = YES;
				CLANG_WARN_SUSPICIOUS_MOVE = YES;
				CLANG_WARN_UNGUARDED_AVAILABILITY = YES_AGGRESSIVE;
				CLANG_WARN_UNREACHABLE_CODE = YES;
				CLANG_WARN__DUPLICATE_METHOD_MATCH = YES;
				CODE_SIGN_IDENTITY = "iPhone Developer";
				COPY_PHASE_STRIP = NO;
				DEBUG_INFORMATION_FORMAT = "dwarf-with-dsym";
				ENABLE_NS_ASSERTIONS = NO;
				ENABLE_STRICT_OBJC_MSGSEND = YES;
				GCC_C_LANGUAGE_STANDARD = gnu11;
				GCC_NO_COMMON_BLOCKS = YES;
				GCC_WARN_64_TO_32_BIT_CONVERSION = YES;
				GCC_WARN_ABOUT_RETURN_TYPE = YES_ERROR;
				GCC_WARN_UNDECLARED_SELECTOR = YES;
				GCC_WARN_UNINITIALIZED_AUTOS = YES_AGGRESSIVE;
				GCC_WARN_UNUSED_FUNCTION = YES;
				GCC_WARN_UNUSED_VARIABLE = YES;
				IPHONEOS_DEPLOYMENT_TARGET = 12.1;
				MTL_ENABLE_DEBUG_INFO = NO;
				MTL_FAST_MATH = YES;
				SDKROOT = iphoneos;
				SWIFT_COMPILATION_MODE = wholemodule;
				SWIFT_OPTIMIZATION_LEVEL = "-O";
				VALIDATE_PRODUCT = YES;
			};
			name = Release;
		};
		6374FBCD21BF0ADC00E4C553 /* Debug */ = {
			isa = XCBuildConfiguration;
			baseConfigurationReference = 33256FC77D908E8E799D1913 /* Pods-Expense.debug.xcconfig */;
			buildSettings = {
				ASSETCATALOG_COMPILER_APPICON_NAME = AppIcon;
				CODE_SIGN_STYLE = Automatic;
				DEVELOPMENT_TEAM = Q2YSK5RPA3;
				INFOPLIST_FILE = Expense/Info.plist;
				LD_RUNPATH_SEARCH_PATHS = (
					"$(inherited)",
					"@executable_path/Frameworks",
				);
				PRODUCT_BUNDLE_IDENTIFIER = me.khushmeetsingh.Expense;
				PRODUCT_NAME = "$(TARGET_NAME)";
				SWIFT_VERSION = 4.2;
				TARGETED_DEVICE_FAMILY = "1,2";
			};
			name = Debug;
		};
		6374FBCE21BF0ADC00E4C553 /* Release */ = {
			isa = XCBuildConfiguration;
			baseConfigurationReference = E71E5D23B94216B4E918EA26 /* Pods-Expense.release.xcconfig */;
			buildSettings = {
				ASSETCATALOG_COMPILER_APPICON_NAME = AppIcon;
				CODE_SIGN_STYLE = Automatic;
				DEVELOPMENT_TEAM = Q2YSK5RPA3;
				INFOPLIST_FILE = Expense/Info.plist;
				LD_RUNPATH_SEARCH_PATHS = (
					"$(inherited)",
					"@executable_path/Frameworks",
				);
				PRODUCT_BUNDLE_IDENTIFIER = me.khushmeetsingh.Expense;
				PRODUCT_NAME = "$(TARGET_NAME)";
				SWIFT_VERSION = 4.2;
				TARGETED_DEVICE_FAMILY = "1,2";
			};
			name = Release;
		};
/* End XCBuildConfiguration section */

/* Begin XCConfigurationList section */
		6374FBB521BF0ADB00E4C553 /* Build configuration list for PBXProject "Expense" */ = {
			isa = XCConfigurationList;
			buildConfigurations = (
				6374FBCA21BF0ADC00E4C553 /* Debug */,
				6374FBCB21BF0ADC00E4C553 /* Release */,
			);
			defaultConfigurationIsVisible = 0;
			defaultConfigurationName = Release;
		};
		6374FBCC21BF0ADC00E4C553 /* Build configuration list for PBXNativeTarget "Expense" */ = {
			isa = XCConfigurationList;
			buildConfigurations = (
				6374FBCD21BF0ADC00E4C553 /* Debug */,
				6374FBCE21BF0ADC00E4C553 /* Release */,
			);
			defaultConfigurationIsVisible = 0;
			defaultConfigurationName = Release;
		};
/* End XCConfigurationList section */
	};
	rootObject = 6374FBB221BF0ADB00E4C553 /* Project object */;
}
